
Microsoft Visual Studio Solution File, Format Version 12.00
# Visual Studio Version 16
VisualStudioVersion = 16.0.28803.202
MinimumVisualStudioVersion = 10.0.40219.1
Project("{9A19103F-16F7-4668-BE54-9A1E7A4F7556}") = "SIS.HTTP", "SIS.HTTP\SIS.HTTP.csproj", "{D3366657-B0C0-427D-98D1-4154766CA517}"
EndProject
Project("{FAE04EC0-301F-11D3-BF4B-00C04F79EFBC}") = "SIS.Launcher", "SIS.Launcher\SIS.Launcher.csproj", "{06AEA531-5314-45D6-B808-7C1DCA57B53A}"
EndProject
Project("{FAE04EC0-301F-11D3-BF4B-00C04F79EFBC}") = "SIS.Tests", "SIS.Tests\SIS.Tests.csproj", "{F164C365-D0EF-479E-B1CA-918194B8DDFF}"
EndProject
Project("{FAE04EC0-301F-11D3-BF4B-00C04F79EFBC}") = "SIS.MvcFramework", "SIS.MvcFramework\SIS.MvcFramework.csproj", "{697A33EE-FD91-44FA-9B68-F5C9951115A9}"
EndProject
Global
	GlobalSection(SolutionConfigurationPlatforms) = preSolution
		Debug|Any CPU = Debug|Any CPU
		Release|Any CPU = Release|Any CPU
	EndGlobalSection
	GlobalSection(ProjectConfigurationPlatforms) = postSolution
		{D3366657-B0C0-427D-98D1-4154766CA517}.Debug|Any CPU.ActiveCfg = Debug|Any CPU
		{D3366657-B0C0-427D-98D1-4154766CA517}.Debug|Any CPU.Build.0 = Debug|Any CPU
		{D3366657-B0C0-427D-98D1-4154766CA517}.Release|Any CPU.ActiveCfg = Release|Any CPU
		{D3366657-B0C0-427D-98D1-4154766CA517}.Release|Any CPU.Build.0 = Release|Any CPU
		{06AEA531-5314-45D6-B808-7C1DCA57B53A}.Debug|Any CPU.ActiveCfg = Debug|Any CPU
		{06AEA531-5314-45D6-B808-7C1DCA57B53A}.Debug|Any CPU.Build.0 = Debug|Any CPU
		{06AEA531-5314-45D6-B808-7C1DCA57B53A}.Release|Any CPU.ActiveCfg = Release|Any CPU
		{06AEA531-5314-45D6-B808-7C1DCA57B53A}.Release|Any CPU.Build.0 = Release|Any CPU
		{F164C365-D0EF-479E-B1CA-918194B8DDFF}.Debug|Any CPU.ActiveCfg = Debug|Any CPU
		{F164C365-D0EF-479E-B1CA-918194B8DDFF}.Debug|Any CPU.Build.0 = Debug|Any CPU
		{F164C365-D0EF-479E-B1CA-918194B8DDFF}.Release|Any CPU.ActiveCfg = Release|Any CPU
		{F164C365-D0EF-479E-B1CA-918194B8DDFF}.Release|Any CPU.Build.0 = Release|Any CPU
		{697A33EE-FD91-44FA-9B68-F5C9951115A9}.Debug|Any CPU.ActiveCfg = Debug|Any CPU
		{697A33EE-FD91-44FA-9B68-F5C9951115A9}.Debug|Any CPU.Build.0 = Debug|Any CPU
		{697A33EE-FD91-44FA-9B68-F5C9951115A9}.Release|Any CPU.ActiveCfg = Release|Any CPU
		{697A33EE-FD91-44FA-9B68-F5C9951115A9}.Release|Any CPU.Build.0 = Release|Any CPU
	EndGlobalSection
	GlobalSection(SolutionProperties) = preSolution
		HideSolutionNode = FALSE
	EndGlobalSection
	GlobalSection(ExtensibilityGlobals) = postSolution
		SolutionGuid = {0EE23F47-5B5D-4FB7-82E1-99D5DA6F96C3}
	EndGlobalSection
	GlobalSection(MonoDevelopProperties) = preSolution
		Policies = $0
		$0.DotNetNamingPolicy = $1
		$1.DirectoryNamespaceAssociation = PrefixedHierarchical
	EndGlobalSection
EndGlobal
