
Microsoft Visual Studio Solution File, Format Version 12.00
# Visual Studio Version 16
VisualStudioVersion = 16.0.28803.202
MinimumVisualStudioVersion = 10.0.40219.1
Project("{9A19103F-16F7-4668-BE54-9A1E7A4F7556}") = "SIS.HTTP", "SIS.HTTP\SIS.HTTP.csproj", "{D3366657-B0C0-427D-98D1-4154766CA517}"
EndProject
Project("{9A19103F-16F7-4668-BE54-9A1E7A4F7556}") = "SIS.Tests", "SIS.Tests\SIS.Tests.csproj", "{F164C365-D0EF-479E-B1CA-918194B8DDFF}"
EndProject
Project("{9A19103F-16F7-4668-BE54-9A1E7A4F7556}") = "SIS.MvcFramework", "SIS.MvcFramework\SIS.MvcFramework.csproj", "{697A33EE-FD91-44FA-9B68-F5C9951115A9}"
EndProject
Project("{9A19103F-16F7-4668-BE54-9A1E7A4F7556}") = "IRunes.App", "Apps\IRunes\IRunes.App\IRunes.App.csproj", "{EC859429-4661-4623-A314-6BDF7E87AC61}"
EndProject
Project("{2150E333-8FDC-42A3-9474-1A3956D46DE8}") = "Apps", "Apps", "{C2ED5A41-B584-40E1-BA7A-ED72C1FBB159}"
EndProject
Project("{9A19103F-16F7-4668-BE54-9A1E7A4F7556}") = "IRunes.Data", "Apps\IRunes\IRunes.Data\IRunes.Data.csproj", "{A2434800-8BB1-4E17-AC3C-F0D34BA83589}"
EndProject
Project("{9A19103F-16F7-4668-BE54-9A1E7A4F7556}") = "IRunes.Models", "Apps\IRunes\IRunes.Models\IRunes.Models.csproj", "{37874F0B-6845-4AB8-B47F-8B0FD2BCDFC2}"
EndProject
Project("{2150E333-8FDC-42A3-9474-1A3956D46DE8}") = "IRunes", "IRunes", "{F3FCE4F0-8B40-43A0-B49F-DBE9EFB89F92}"
EndProject
Project("{9A19103F-16F7-4668-BE54-9A1E7A4F7556}") = "IRunes.Services", "Apps\IRunes\IRunes.Services\IRunes.Services.csproj", "{93A9448F-1A0D-4C93-B9F2-E01153E9C442}"
EndProject
Project("{9A19103F-16F7-4668-BE54-9A1E7A4F7556}") = "SIS.Common", "SIS.Common\SIS.Common.csproj", "{5EC5B234-DEEC-4CBB-A544-001DC1AADDB3}"
EndProject
Project("{9A19103F-16F7-4668-BE54-9A1E7A4F7556}") = "Panda.Web", "Apps\Panda\Panda.Web\Panda.Web.csproj", "{031715A1-A250-4EE4-BB8C-AF18922283F3}"
EndProject
Project("{9A19103F-16F7-4668-BE54-9A1E7A4F7556}") = "Panda.Services", "Apps\Panda\Panda.Services\Panda.Services.csproj", "{9B04A79D-2DBD-4245-8F09-2F8A982FE347}"
EndProject
Project("{9A19103F-16F7-4668-BE54-9A1E7A4F7556}") = "Panda.Data", "Apps\Panda\Panda.Data\Panda.Data.csproj", "{3399A141-A217-4E81-ACF4-286A057ACBC5}"
EndProject
Project("{2150E333-8FDC-42A3-9474-1A3956D46DE8}") = "Panda", "Panda", "{3A14318F-EDC2-4547-9267-C26060D7DF30}"
EndProject
Project("{2150E333-8FDC-42A3-9474-1A3956D46DE8}") = "SULS", "SULS", "{6207B2D5-9454-49A1-8F1C-3253DA72F364}"
EndProject
Project("{9A19103F-16F7-4668-BE54-9A1E7A4F7556}") = "SULS.App", "Apps\SULS\SULS.App\SULS.App.csproj", "{D2F9E68E-6B63-4A86-8CCF-8C0EBF881451}"
EndProject
Project("{9A19103F-16F7-4668-BE54-9A1E7A4F7556}") = "SULS.Data", "Apps\SULS\SULS.Data\SULS.Data.csproj", "{A64898FD-EA96-4E1A-AFAE-6179C618174E}"
EndProject
Project("{9A19103F-16F7-4668-BE54-9A1E7A4F7556}") = "SULS.Models", "Apps\SULS\SULS.Models\SULS.Models.csproj", "{EDDF8957-5059-4553-B60A-B1B82C5D829D}"
EndProject
Project("{9A19103F-16F7-4668-BE54-9A1E7A4F7556}") = "SULS.Services", "Apps\SULS\SULS.Services\SULS.Services.csproj", "{B9B865B4-2FF9-4F22-9F16-EC7EFC430115}"
EndProject
Project("{9A19103F-16F7-4668-BE54-9A1E7A4F7556}") = "Panda.Models", "Apps\Panda\Panda.Models\Panda.Models.csproj", "{9421A54D-9955-43F4-8CC8-41828529C9E5}"
EndProject
Global
	GlobalSection(SolutionConfigurationPlatforms) = preSolution
		Debug|Any CPU = Debug|Any CPU
		Release|Any CPU = Release|Any CPU
	EndGlobalSection
	GlobalSection(ProjectConfigurationPlatforms) = postSolution
		{D3366657-B0C0-427D-98D1-4154766CA517}.Debug|Any CPU.ActiveCfg = Debug|Any CPU
		{D3366657-B0C0-427D-98D1-4154766CA517}.Debug|Any CPU.Build.0 = Debug|Any CPU
		{D3366657-B0C0-427D-98D1-4154766CA517}.Release|Any CPU.ActiveCfg = Release|Any CPU
		{D3366657-B0C0-427D-98D1-4154766CA517}.Release|Any CPU.Build.0 = Release|Any CPU
		{F164C365-D0EF-479E-B1CA-918194B8DDFF}.Debug|Any CPU.ActiveCfg = Debug|Any CPU
		{F164C365-D0EF-479E-B1CA-918194B8DDFF}.Debug|Any CPU.Build.0 = Debug|Any CPU
		{F164C365-D0EF-479E-B1CA-918194B8DDFF}.Release|Any CPU.ActiveCfg = Release|Any CPU
		{F164C365-D0EF-479E-B1CA-918194B8DDFF}.Release|Any CPU.Build.0 = Release|Any CPU
		{697A33EE-FD91-44FA-9B68-F5C9951115A9}.Debug|Any CPU.ActiveCfg = Debug|Any CPU
		{697A33EE-FD91-44FA-9B68-F5C9951115A9}.Debug|Any CPU.Build.0 = Debug|Any CPU
		{697A33EE-FD91-44FA-9B68-F5C9951115A9}.Release|Any CPU.ActiveCfg = Release|Any CPU
		{697A33EE-FD91-44FA-9B68-F5C9951115A9}.Release|Any CPU.Build.0 = Release|Any CPU
		{EC859429-4661-4623-A314-6BDF7E87AC61}.Debug|Any CPU.ActiveCfg = Debug|Any CPU
		{EC859429-4661-4623-A314-6BDF7E87AC61}.Debug|Any CPU.Build.0 = Debug|Any CPU
		{EC859429-4661-4623-A314-6BDF7E87AC61}.Release|Any CPU.ActiveCfg = Release|Any CPU
		{EC859429-4661-4623-A314-6BDF7E87AC61}.Release|Any CPU.Build.0 = Release|Any CPU
		{A2434800-8BB1-4E17-AC3C-F0D34BA83589}.Debug|Any CPU.ActiveCfg = Debug|Any CPU
		{A2434800-8BB1-4E17-AC3C-F0D34BA83589}.Debug|Any CPU.Build.0 = Debug|Any CPU
		{A2434800-8BB1-4E17-AC3C-F0D34BA83589}.Release|Any CPU.ActiveCfg = Release|Any CPU
		{A2434800-8BB1-4E17-AC3C-F0D34BA83589}.Release|Any CPU.Build.0 = Release|Any CPU
		{37874F0B-6845-4AB8-B47F-8B0FD2BCDFC2}.Debug|Any CPU.ActiveCfg = Debug|Any CPU
		{37874F0B-6845-4AB8-B47F-8B0FD2BCDFC2}.Debug|Any CPU.Build.0 = Debug|Any CPU
		{37874F0B-6845-4AB8-B47F-8B0FD2BCDFC2}.Release|Any CPU.ActiveCfg = Release|Any CPU
		{37874F0B-6845-4AB8-B47F-8B0FD2BCDFC2}.Release|Any CPU.Build.0 = Release|Any CPU
		{93A9448F-1A0D-4C93-B9F2-E01153E9C442}.Debug|Any CPU.ActiveCfg = Debug|Any CPU
		{93A9448F-1A0D-4C93-B9F2-E01153E9C442}.Debug|Any CPU.Build.0 = Debug|Any CPU
		{93A9448F-1A0D-4C93-B9F2-E01153E9C442}.Release|Any CPU.ActiveCfg = Release|Any CPU
		{93A9448F-1A0D-4C93-B9F2-E01153E9C442}.Release|Any CPU.Build.0 = Release|Any CPU
		{5EC5B234-DEEC-4CBB-A544-001DC1AADDB3}.Debug|Any CPU.ActiveCfg = Debug|Any CPU
		{5EC5B234-DEEC-4CBB-A544-001DC1AADDB3}.Debug|Any CPU.Build.0 = Debug|Any CPU
		{5EC5B234-DEEC-4CBB-A544-001DC1AADDB3}.Release|Any CPU.ActiveCfg = Release|Any CPU
		{5EC5B234-DEEC-4CBB-A544-001DC1AADDB3}.Release|Any CPU.Build.0 = Release|Any CPU
		{031715A1-A250-4EE4-BB8C-AF18922283F3}.Debug|Any CPU.ActiveCfg = Debug|Any CPU
		{031715A1-A250-4EE4-BB8C-AF18922283F3}.Debug|Any CPU.Build.0 = Debug|Any CPU
		{031715A1-A250-4EE4-BB8C-AF18922283F3}.Release|Any CPU.ActiveCfg = Release|Any CPU
		{031715A1-A250-4EE4-BB8C-AF18922283F3}.Release|Any CPU.Build.0 = Release|Any CPU
		{9B04A79D-2DBD-4245-8F09-2F8A982FE347}.Debug|Any CPU.ActiveCfg = Debug|Any CPU
		{9B04A79D-2DBD-4245-8F09-2F8A982FE347}.Debug|Any CPU.Build.0 = Debug|Any CPU
		{9B04A79D-2DBD-4245-8F09-2F8A982FE347}.Release|Any CPU.ActiveCfg = Release|Any CPU
		{9B04A79D-2DBD-4245-8F09-2F8A982FE347}.Release|Any CPU.Build.0 = Release|Any CPU
		{3399A141-A217-4E81-ACF4-286A057ACBC5}.Debug|Any CPU.ActiveCfg = Debug|Any CPU
		{3399A141-A217-4E81-ACF4-286A057ACBC5}.Debug|Any CPU.Build.0 = Debug|Any CPU
		{3399A141-A217-4E81-ACF4-286A057ACBC5}.Release|Any CPU.ActiveCfg = Release|Any CPU
		{3399A141-A217-4E81-ACF4-286A057ACBC5}.Release|Any CPU.Build.0 = Release|Any CPU
		{D2F9E68E-6B63-4A86-8CCF-8C0EBF881451}.Debug|Any CPU.ActiveCfg = Debug|Any CPU
		{D2F9E68E-6B63-4A86-8CCF-8C0EBF881451}.Debug|Any CPU.Build.0 = Debug|Any CPU
		{D2F9E68E-6B63-4A86-8CCF-8C0EBF881451}.Release|Any CPU.ActiveCfg = Release|Any CPU
		{D2F9E68E-6B63-4A86-8CCF-8C0EBF881451}.Release|Any CPU.Build.0 = Release|Any CPU
		{A64898FD-EA96-4E1A-AFAE-6179C618174E}.Debug|Any CPU.ActiveCfg = Debug|Any CPU
		{A64898FD-EA96-4E1A-AFAE-6179C618174E}.Debug|Any CPU.Build.0 = Debug|Any CPU
		{A64898FD-EA96-4E1A-AFAE-6179C618174E}.Release|Any CPU.ActiveCfg = Release|Any CPU
		{A64898FD-EA96-4E1A-AFAE-6179C618174E}.Release|Any CPU.Build.0 = Release|Any CPU
		{EDDF8957-5059-4553-B60A-B1B82C5D829D}.Debug|Any CPU.ActiveCfg = Debug|Any CPU
		{EDDF8957-5059-4553-B60A-B1B82C5D829D}.Debug|Any CPU.Build.0 = Debug|Any CPU
		{EDDF8957-5059-4553-B60A-B1B82C5D829D}.Release|Any CPU.ActiveCfg = Release|Any CPU
		{EDDF8957-5059-4553-B60A-B1B82C5D829D}.Release|Any CPU.Build.0 = Release|Any CPU
		{B9B865B4-2FF9-4F22-9F16-EC7EFC430115}.Debug|Any CPU.ActiveCfg = Debug|Any CPU
		{B9B865B4-2FF9-4F22-9F16-EC7EFC430115}.Debug|Any CPU.Build.0 = Debug|Any CPU
		{B9B865B4-2FF9-4F22-9F16-EC7EFC430115}.Release|Any CPU.ActiveCfg = Release|Any CPU
		{B9B865B4-2FF9-4F22-9F16-EC7EFC430115}.Release|Any CPU.Build.0 = Release|Any CPU
		{9421A54D-9955-43F4-8CC8-41828529C9E5}.Debug|Any CPU.ActiveCfg = Debug|Any CPU
		{9421A54D-9955-43F4-8CC8-41828529C9E5}.Debug|Any CPU.Build.0 = Debug|Any CPU
		{9421A54D-9955-43F4-8CC8-41828529C9E5}.Release|Any CPU.ActiveCfg = Release|Any CPU
		{9421A54D-9955-43F4-8CC8-41828529C9E5}.Release|Any CPU.Build.0 = Release|Any CPU
	EndGlobalSection
	GlobalSection(SolutionProperties) = preSolution
		HideSolutionNode = FALSE
	EndGlobalSection
	GlobalSection(NestedProjects) = preSolution
		{EC859429-4661-4623-A314-6BDF7E87AC61} = {F3FCE4F0-8B40-43A0-B49F-DBE9EFB89F92}
		{A2434800-8BB1-4E17-AC3C-F0D34BA83589} = {F3FCE4F0-8B40-43A0-B49F-DBE9EFB89F92}
		{37874F0B-6845-4AB8-B47F-8B0FD2BCDFC2} = {F3FCE4F0-8B40-43A0-B49F-DBE9EFB89F92}
		{F3FCE4F0-8B40-43A0-B49F-DBE9EFB89F92} = {C2ED5A41-B584-40E1-BA7A-ED72C1FBB159}
		{93A9448F-1A0D-4C93-B9F2-E01153E9C442} = {F3FCE4F0-8B40-43A0-B49F-DBE9EFB89F92}
		{031715A1-A250-4EE4-BB8C-AF18922283F3} = {3A14318F-EDC2-4547-9267-C26060D7DF30}
		{9B04A79D-2DBD-4245-8F09-2F8A982FE347} = {3A14318F-EDC2-4547-9267-C26060D7DF30}
		{3399A141-A217-4E81-ACF4-286A057ACBC5} = {3A14318F-EDC2-4547-9267-C26060D7DF30}
		{3A14318F-EDC2-4547-9267-C26060D7DF30} = {C2ED5A41-B584-40E1-BA7A-ED72C1FBB159}
		{6207B2D5-9454-49A1-8F1C-3253DA72F364} = {C2ED5A41-B584-40E1-BA7A-ED72C1FBB159}
		{D2F9E68E-6B63-4A86-8CCF-8C0EBF881451} = {6207B2D5-9454-49A1-8F1C-3253DA72F364}
		{A64898FD-EA96-4E1A-AFAE-6179C618174E} = {6207B2D5-9454-49A1-8F1C-3253DA72F364}
		{EDDF8957-5059-4553-B60A-B1B82C5D829D} = {6207B2D5-9454-49A1-8F1C-3253DA72F364}
		{B9B865B4-2FF9-4F22-9F16-EC7EFC430115} = {6207B2D5-9454-49A1-8F1C-3253DA72F364}
		{9421A54D-9955-43F4-8CC8-41828529C9E5} = {3A14318F-EDC2-4547-9267-C26060D7DF30}
	EndGlobalSection
	GlobalSection(ExtensibilityGlobals) = postSolution
		SolutionGuid = {0EE23F47-5B5D-4FB7-82E1-99D5DA6F96C3}
	EndGlobalSection
	GlobalSection(MonoDevelopProperties) = preSolution
		Policies = $0
		$0.DotNetNamingPolicy = $1
		$1.DirectoryNamespaceAssociation = PrefixedHierarchical
	EndGlobalSection
EndGlobal
