
Microsoft Visual Studio Solution File, Format Version 12.00
# Visual Studio Version 16
VisualStudioVersion = 16.0.28803.202
MinimumVisualStudioVersion = 10.0.40219.1
Project("{9A19103F-16F7-4668-BE54-9A1E7A4F7556}") = "SIS.HTTP", "SIS.HTTP\SIS.HTTP.csproj", "{D3366657-B0C0-427D-98D1-4154766CA517}"
EndProject
Project("{9A19103F-16F7-4668-BE54-9A1E7A4F7556}") = "SIS.Tests", "SIS.Tests\SIS.Tests.csproj", "{F164C365-D0EF-479E-B1CA-918194B8DDFF}"
EndProject
Project("{9A19103F-16F7-4668-BE54-9A1E7A4F7556}") = "SIS.MvcFramework", "SIS.MvcFramework\SIS.MvcFramework.csproj", "{697A33EE-FD91-44FA-9B68-F5C9951115A9}"
EndProject
Project("{9A19103F-16F7-4668-BE54-9A1E7A4F7556}") = "IRunes.App", "Apps\IRunes\IRunes.App\IRunes.App.csproj", "{EC859429-4661-4623-A314-6BDF7E87AC61}"
EndProject
Project("{2150E333-8FDC-42A3-9474-1A3956D46DE8}") = "Apps", "Apps", "{C2ED5A41-B584-40E1-BA7A-ED72C1FBB159}"
EndProject
Project("{9A19103F-16F7-4668-BE54-9A1E7A4F7556}") = "IRunes.Data", "Apps\IRunes\IRunes.Data\IRunes.Data.csproj", "{A2434800-8BB1-4E17-AC3C-F0D34BA83589}"
EndProject
Project("{9A19103F-16F7-4668-BE54-9A1E7A4F7556}") = "IRunes.Models", "Apps\IRunes\IRunes.Models\IRunes.Models.csproj", "{37874F0B-6845-4AB8-B47F-8B0FD2BCDFC2}"
EndProject
Project("{2150E333-8FDC-42A3-9474-1A3956D46DE8}") = "IRunes", "IRunes", "{F3FCE4F0-8B40-43A0-B49F-DBE9EFB89F92}"
EndProject
Project("{9A19103F-16F7-4668-BE54-9A1E7A4F7556}") = "IRunes.Services", "Apps\IRunes\IRunes.Services\IRunes.Services.csproj", "{93A9448F-1A0D-4C93-B9F2-E01153E9C442}"
EndProject
Project("{FAE04EC0-301F-11D3-BF4B-00C04F79EFBC}") = "SIS.Common", "SIS.Common\SIS.Common.csproj", "{5EC5B234-DEEC-4CBB-A544-001DC1AADDB3}"
EndProject
Global
	GlobalSection(SolutionConfigurationPlatforms) = preSolution
		Debug|Any CPU = Debug|Any CPU
		Release|Any CPU = Release|Any CPU
	EndGlobalSection
	GlobalSection(ProjectConfigurationPlatforms) = postSolution
		{D3366657-B0C0-427D-98D1-4154766CA517}.Debug|Any CPU.ActiveCfg = Debug|Any CPU
		{D3366657-B0C0-427D-98D1-4154766CA517}.Debug|Any CPU.Build.0 = Debug|Any CPU
		{D3366657-B0C0-427D-98D1-4154766CA517}.Release|Any CPU.ActiveCfg = Release|Any CPU
		{D3366657-B0C0-427D-98D1-4154766CA517}.Release|Any CPU.Build.0 = Release|Any CPU
		{F164C365-D0EF-479E-B1CA-918194B8DDFF}.Debug|Any CPU.ActiveCfg = Debug|Any CPU
		{F164C365-D0EF-479E-B1CA-918194B8DDFF}.Debug|Any CPU.Build.0 = Debug|Any CPU
		{F164C365-D0EF-479E-B1CA-918194B8DDFF}.Release|Any CPU.ActiveCfg = Release|Any CPU
		{F164C365-D0EF-479E-B1CA-918194B8DDFF}.Release|Any CPU.Build.0 = Release|Any CPU
		{697A33EE-FD91-44FA-9B68-F5C9951115A9}.Debug|Any CPU.ActiveCfg = Debug|Any CPU
		{697A33EE-FD91-44FA-9B68-F5C9951115A9}.Debug|Any CPU.Build.0 = Debug|Any CPU
		{697A33EE-FD91-44FA-9B68-F5C9951115A9}.Release|Any CPU.ActiveCfg = Release|Any CPU
		{697A33EE-FD91-44FA-9B68-F5C9951115A9}.Release|Any CPU.Build.0 = Release|Any CPU
		{EC859429-4661-4623-A314-6BDF7E87AC61}.Debug|Any CPU.ActiveCfg = Debug|Any CPU
		{EC859429-4661-4623-A314-6BDF7E87AC61}.Debug|Any CPU.Build.0 = Debug|Any CPU
		{EC859429-4661-4623-A314-6BDF7E87AC61}.Release|Any CPU.ActiveCfg = Release|Any CPU
		{EC859429-4661-4623-A314-6BDF7E87AC61}.Release|Any CPU.Build.0 = Release|Any CPU
		{A2434800-8BB1-4E17-AC3C-F0D34BA83589}.Debug|Any CPU.ActiveCfg = Debug|Any CPU
		{A2434800-8BB1-4E17-AC3C-F0D34BA83589}.Debug|Any CPU.Build.0 = Debug|Any CPU
		{A2434800-8BB1-4E17-AC3C-F0D34BA83589}.Release|Any CPU.ActiveCfg = Release|Any CPU
		{A2434800-8BB1-4E17-AC3C-F0D34BA83589}.Release|Any CPU.Build.0 = Release|Any CPU
		{37874F0B-6845-4AB8-B47F-8B0FD2BCDFC2}.Debug|Any CPU.ActiveCfg = Debug|Any CPU
		{37874F0B-6845-4AB8-B47F-8B0FD2BCDFC2}.Debug|Any CPU.Build.0 = Debug|Any CPU
		{37874F0B-6845-4AB8-B47F-8B0FD2BCDFC2}.Release|Any CPU.ActiveCfg = Release|Any CPU
		{37874F0B-6845-4AB8-B47F-8B0FD2BCDFC2}.Release|Any CPU.Build.0 = Release|Any CPU
		{93A9448F-1A0D-4C93-B9F2-E01153E9C442}.Debug|Any CPU.ActiveCfg = Debug|Any CPU
		{93A9448F-1A0D-4C93-B9F2-E01153E9C442}.Debug|Any CPU.Build.0 = Debug|Any CPU
		{93A9448F-1A0D-4C93-B9F2-E01153E9C442}.Release|Any CPU.ActiveCfg = Release|Any CPU
		{93A9448F-1A0D-4C93-B9F2-E01153E9C442}.Release|Any CPU.Build.0 = Release|Any CPU
		{5EC5B234-DEEC-4CBB-A544-001DC1AADDB3}.Debug|Any CPU.ActiveCfg = Debug|Any CPU
		{5EC5B234-DEEC-4CBB-A544-001DC1AADDB3}.Debug|Any CPU.Build.0 = Debug|Any CPU
		{5EC5B234-DEEC-4CBB-A544-001DC1AADDB3}.Release|Any CPU.ActiveCfg = Release|Any CPU
		{5EC5B234-DEEC-4CBB-A544-001DC1AADDB3}.Release|Any CPU.Build.0 = Release|Any CPU
	EndGlobalSection
	GlobalSection(SolutionProperties) = preSolution
		HideSolutionNode = FALSE
	EndGlobalSection
	GlobalSection(NestedProjects) = preSolution
		{EC859429-4661-4623-A314-6BDF7E87AC61} = {F3FCE4F0-8B40-43A0-B49F-DBE9EFB89F92}
		{A2434800-8BB1-4E17-AC3C-F0D34BA83589} = {F3FCE4F0-8B40-43A0-B49F-DBE9EFB89F92}
		{37874F0B-6845-4AB8-B47F-8B0FD2BCDFC2} = {F3FCE4F0-8B40-43A0-B49F-DBE9EFB89F92}
		{F3FCE4F0-8B40-43A0-B49F-DBE9EFB89F92} = {C2ED5A41-B584-40E1-BA7A-ED72C1FBB159}
		{93A9448F-1A0D-4C93-B9F2-E01153E9C442} = {F3FCE4F0-8B40-43A0-B49F-DBE9EFB89F92}
	EndGlobalSection
	GlobalSection(ExtensibilityGlobals) = postSolution
		SolutionGuid = {0EE23F47-5B5D-4FB7-82E1-99D5DA6F96C3}
	EndGlobalSection
	GlobalSection(MonoDevelopProperties) = preSolution
		Policies = $0
		$0.DotNetNamingPolicy = $1
		$1.DirectoryNamespaceAssociation = PrefixedHierarchical
	EndGlobalSection
EndGlobal
